
Microsoft Visual Studio Solution File, Format Version 12.00
# Visual Studio Version 17
VisualStudioVersion = 17.3.32922.545
MinimumVisualStudioVersion = 10.0.40219.1
Project("{FAE04EC0-301F-11D3-BF4B-00C04F79EFBC}") = "DijkstraAlgorithm", "DijkstraAlgorithm.csproj", "{232A25E1-5124-495A-A0BB-55E925775437}"
EndProject
Global
	GlobalSection(SolutionConfigurationPlatforms) = preSolution
		Debug|Any CPU = Debug|Any CPU
		Release|Any CPU = Release|Any CPU
	EndGlobalSection
	GlobalSection(ProjectConfigurationPlatforms) = postSolution
		{232A25E1-5124-495A-A0BB-55E925775437}.Debug|Any CPU.ActiveCfg = Debug|Any CPU
		{232A25E1-5124-495A-A0BB-55E925775437}.Debug|Any CPU.Build.0 = Debug|Any CPU
		{232A25E1-5124-495A-A0BB-55E925775437}.Release|Any CPU.ActiveCfg = Release|Any CPU
		{232A25E1-5124-495A-A0BB-55E925775437}.Release|Any CPU.Build.0 = Release|Any CPU
	EndGlobalSection
	GlobalSection(SolutionProperties) = preSolution
		HideSolutionNode = FALSE
	EndGlobalSection
	GlobalSection(ExtensibilityGlobals) = postSolution
		SolutionGuid = {724DF19B-AE43-4BD9-8DE9-09A42C6CD2A1}
	EndGlobalSection
EndGlobal
